
Microsoft Visual Studio Solution File, Format Version 12.00
# Visual Studio 15
VisualStudioVersion = 15.0.27703.2035
MinimumVisualStudioVersion = 10.0.40219.1
Project("{FAE04EC0-301F-11D3-BF4B-00C04F79EFBC}") = "FantasyCompanionApi", "FantasyCompanionApi\FantasyCompanionApi.csproj", "{EB511B66-F90C-49AB-BE54-FA4C9257A1EF}"
EndProject
Global
	GlobalSection(SolutionConfigurationPlatforms) = preSolution
		Debug|Any CPU = Debug|Any CPU
		Release|Any CPU = Release|Any CPU
	EndGlobalSection
	GlobalSection(ProjectConfigurationPlatforms) = postSolution
		{EB511B66-F90C-49AB-BE54-FA4C9257A1EF}.Debug|Any CPU.ActiveCfg = Debug|Any CPU
		{EB511B66-F90C-49AB-BE54-FA4C9257A1EF}.Debug|Any CPU.Build.0 = Debug|Any CPU
		{EB511B66-F90C-49AB-BE54-FA4C9257A1EF}.Release|Any CPU.ActiveCfg = Release|Any CPU
		{EB511B66-F90C-49AB-BE54-FA4C9257A1EF}.Release|Any CPU.Build.0 = Release|Any CPU
	EndGlobalSection
	GlobalSection(SolutionProperties) = preSolution
		HideSolutionNode = FALSE
	EndGlobalSection
	GlobalSection(ExtensibilityGlobals) = postSolution
		SolutionGuid = {D3C5CF66-5CB0-4D7F-8321-E0135ED53554}
	EndGlobalSection
EndGlobal
